{
    "version": 3,
    "terraform_version": "0.7.3",
    "serial": 12,
    "lineage": "add69cae-ec15-44c4-ae59-992aef9d0506",
    "modules": [
        {
            "path": [
                "root"
            ],
            "outputs": {
                "Autoscaling group": {
                    "sensitive": false,
                    "type": "string",
                    "value": "machine-factory-v2"
                },
                "subnet 1C id": {
                    "sensitive": false,
                    "type": "string",
                    "value": "subnet-9821efb4"
                },
                "subnet 1D id": {
                    "sensitive": false,
                    "type": "string",
                    "value": "subnet-d8c07a90"
                }
            },
            "resources": {
                "aws_autoscaling_group.machine-factory-v2": {
                    "type": "aws_autoscaling_group",
                    "depends_on": [
                        "aws_launch_configuration.machine-factory-v2",
                        "aws_subnet.public_1c",
                        "aws_subnet.public_1d"
                    ],
                    "primary": {
                        "id": "machine-factory-v2",
                        "attributes": {
                            "arn": "arn:aws:autoscaling:us-east-1:779067050779:autoScalingGroup:0504a75f-7b4c-4d72-a38b-02e62c64c245:autoScalingGroupName/machine-factory-v2",
                            "availability_zones.#": "2",
                            "availability_zones.1305112097": "us-east-1b",
                            "availability_zones.986537655": "us-east-1c",
                            "default_cooldown": "300",
                            "desired_capacity": "2",
                            "force_delete": "true",
                            "health_check_grace_period": "80",
                            "health_check_type": "ELB",
                            "id": "machine-factory-v2",
                            "launch_configuration": "machine-factory-v2",
                            "load_balancers.#": "1",
                            "load_balancers.2044252648": "web-elb",
                            "max_size": "10",
                            "metrics_granularity": "1Minute",
                            "min_size": "2",
                            "name": "machine-factory-v2",
                            "placement_group": "",
                            "protect_from_scale_in": "false",
                            "tag.#": "0",
                            "target_group_arns.#": "0",
                            "termination_policies.#": "0",
                            "vpc_zone_identifier.#": "2",
                            "vpc_zone_identifier.1085642858": "subnet-d8c07a90",
                            "vpc_zone_identifier.1313676725": "subnet-9821efb4",
                            "wait_for_capacity_timeout": "10m"
                        },
                        "meta": {},
                        "tainted": false
                    },
                    "deposed": [],
                    "provider": ""
                },
                "aws_key_pair.deployer": {
                    "type": "aws_key_pair",
                    "depends_on": [],
                    "primary": {
                        "id": "myapppkeypair2",
                        "attributes": {
                            "fingerprint": "3a:ab:ac:46:15:e0:48:f8:d5:68:d4:d6:ec:cf:1c:0a",
                            "id": "myapppkeypair2",
                            "key_name": "myapppkeypair2",
                            "public_key": "ssh-rsa AAAAB3NzaC1yc2EAAAADAQABAAABAQDaj8nDzZrLXtfXpg3Uo71wrTfgVPMMLLdPRPPjj8hD1vRoAhkXpdluv4rDYJ6YucRZp7TGcnU2X6DaaEKMUayd7YAN99pf3v9Hm13n/dGc6rJZDTlu9jxaUuJIfSYQv4I7F/ZtixSsqYG1QAIw6KaRWhNO7OvfSMehMn0/4wVTS6fDJuCmo7MlFDU/KidRv3TT5sz+cc+OcYMUuczNtub3BSu+5x1sLLBQtYbntDs1oCAkJJ1yblE74dQMsNduC8fdFsRIJyRGGyQjCPB9gfImBlQu+zGgkgPmi2YEA1/x96v2jo6+L3ZIoFrpkmzuV8dGmmOrpEIEZZtKmi8DxP8L root@lap-am0044476.bccs.hutch.co.id"
                        },
                        "meta": {
                            "schema_version": "1"
                        },
                        "tainted": false
                    },
                    "deposed": [],
                    "provider": ""
                },
                "aws_launch_configuration.machine-factory-v2": {
                    "type": "aws_launch_configuration",
                    "depends_on": [
                        "aws_security_group.allow_ssh1",
                        "aws_security_group.web_server1"
                    ],
                    "primary": {
                        "id": "machine-factory-v2",
                        "attributes": {
                            "associate_public_ip_address": "false",
                            "ebs_block_device.#": "0",
                            "ebs_optimized": "false",
                            "enable_monitoring": "true",
                            "ephemeral_block_device.#": "0",
                            "iam_instance_profile": "",
                            "id": "machine-factory-v2",
                            "image_id": "ami-b63769a1",
                            "instance_type": "t2.micro",
                            "key_name": "",
                            "name": "machine-factory-v2",
                            "root_block_device.#": "0",
                            "security_groups.#": "2",
                            "security_groups.1653552983": "sg-43a3e73d",
                            "security_groups.2805822319": "sg-85aeeafb",
                            "spot_price": "",
                            "user_data": "5b5ad9e8edf13a56c33644d39b04c59cc2eba9fe",
                            "vpc_classic_link_id": "",
                            "vpc_classic_link_security_groups.#": "0"
                        },
                        "meta": {},
                        "tainted": false
                    },
                    "deposed": [],
                    "provider": ""
                },
                "aws_route.internet_access1": {
                    "type": "aws_route",
                    "depends_on": [],
                    "primary": {
                        "id": "r-rtb-6f2998171080289494",
                        "attributes": {
                            "destination_cidr_block": "0.0.0.0/0",
                            "destination_prefix_list_id": "",
                            "gateway_id": "igw-cd45f1ab",
                            "id": "r-rtb-6f2998171080289494",
                            "instance_id": "",
                            "instance_owner_id": "",
                            "nat_gateway_id": "",
                            "network_interface_id": "",
                            "origin": "CreateRoute",
                            "route_table_id": "rtb-6f299817",
                            "state": "active",
                            "vpc_peering_connection_id": ""
                        },
                        "meta": {},
                        "tainted": false
                    },
                    "deposed": [],
                    "provider": ""
                },
                "aws_security_group.allow_ssh1": {
                    "type": "aws_security_group",
                    "depends_on": [],
                    "primary": {
                        "id": "sg-43a3e73d",
                        "attributes": {
                            "description": "Allow inbound SSH traffic from my IP",
                            "egress.#": "0",
                            "id": "sg-43a3e73d",
                            "ingress.#": "1",
                            "ingress.2541437006.cidr_blocks.#": "1",
                            "ingress.2541437006.cidr_blocks.0": "0.0.0.0/0",
                            "ingress.2541437006.from_port": "22",
                            "ingress.2541437006.protocol": "tcp",
                            "ingress.2541437006.security_groups.#": "0",
                            "ingress.2541437006.self": "false",
                            "ingress.2541437006.to_port": "22",
                            "name": "allow_all_ssh",
                            "owner_id": "779067050779",
                            "tags.%": "1",
                            "tags.Name": "Allow SSH1",
                            "vpc_id": "vpc-adf30ad4"
                        },
                        "meta": {},
                        "tainted": false
                    },
                    "deposed": [],
                    "provider": ""
                },
                "aws_security_group.web_server1": {
                    "type": "aws_security_group",
                    "depends_on": [],
                    "primary": {
                        "id": "sg-85aeeafb",
                        "attributes": {
                            "description": "Allow HTTP and HTTPS traffic in, browser access out.",
                            "egress.#": "1",
                            "egress.1403647648.cidr_blocks.#": "1",
                            "egress.1403647648.cidr_blocks.0": "0.0.0.0/0",
                            "egress.1403647648.from_port": "0",
                            "egress.1403647648.prefix_list_ids.#": "0",
                            "egress.1403647648.protocol": "tcp",
                            "egress.1403647648.security_groups.#": "0",
                            "egress.1403647648.self": "false",
                            "egress.1403647648.to_port": "65535",
                            "id": "sg-85aeeafb",
                            "ingress.#": "1",
                            "ingress.2214680975.cidr_blocks.#": "1",
                            "ingress.2214680975.cidr_blocks.0": "0.0.0.0/0",
                            "ingress.2214680975.from_port": "80",
                            "ingress.2214680975.protocol": "tcp",
                            "ingress.2214680975.security_groups.#": "0",
                            "ingress.2214680975.self": "false",
                            "ingress.2214680975.to_port": "80",
                            "name": "web server1",
                            "owner_id": "779067050779",
                            "tags.%": "0",
                            "vpc_id": "vpc-adf30ad4"
                        },
                        "meta": {},
                        "tainted": false
                    },
                    "deposed": [],
                    "provider": ""
                },
                "aws_subnet.public_1c": {
                    "type": "aws_subnet",
                    "depends_on": [],
                    "primary": {
                        "id": "subnet-9821efb4",
                        "attributes": {
                            "availability_zone": "us-east-1b",
                            "cidr_block": "10.0.3.0/24",
                            "id": "subnet-9821efb4",
                            "map_public_ip_on_launch": "true",
                            "tags.%": "1",
                            "tags.Name": "Public 1C",
                            "vpc_id": "vpc-adf30ad4"
                        },
                        "meta": {},
                        "tainted": false
                    },
                    "deposed": [],
                    "provider": ""
                },
                "aws_subnet.public_1d": {
                    "type": "aws_subnet",
                    "depends_on": [],
                    "primary": {
                        "id": "subnet-d8c07a90",
                        "attributes": {
                            "availability_zone": "us-east-1c",
                            "cidr_block": "10.0.4.0/24",
                            "id": "subnet-d8c07a90",
                            "map_public_ip_on_launch": "true",
                            "tags.%": "1",
                            "tags.Name": "Public 1D",
                            "vpc_id": "vpc-adf30ad4"
                        },
                        "meta": {},
                        "tainted": false
                    },
                    "deposed": [],
                    "provider": ""
                }
            },
            "depends_on": []
        }
    ]
}
